// !$*UTF8*$!
{
	archiveVersion = 1;
	classes = {
	};
	objectVersion = 46;
	objects = {

/* Begin PBXFileReference section */
		185FDAEA197AC81000A47C22 /* liboro.a */ = {isa = PBXFileReference; explicitFileType = archive.ar; includeInIndex = 0; path = liboro.a; sourceTree = BUILT_PRODUCTS_DIR; };
/* End PBXFileReference section */

/* Begin PBXFrameworksBuildPhase section */
		185FDAE7197AC81000A47C22 /* Frameworks */ = {
			isa = PBXFrameworksBuildPhase;
			buildActionMask = 2147483647;
			files = (
			);
			runOnlyForDeploymentPostprocessing = 0;
		};
/* End PBXFrameworksBuildPhase section */

/* Begin PBXGroup section */
		185FDAD5197AC72500A47C22 = {
			isa = PBXGroup;
			children = (
				185FDAEF197AC82500A47C22 /* oro */,
				185FDADC197AC77800A47C22 /* exeternal */,
				185FDAEB197AC81000A47C22 /* Products */,
			);
			sourceTree = "<group>";
		};
		185FDADC197AC77800A47C22 /* exeternal */ = {
			isa = PBXGroup;
			children = (
			);
			name = exeternal;
			path = ../exeternal;
			sourceTree = "<group>";
		};
		185FDAEB197AC81000A47C22 /* Products */ = {
			isa = PBXGroup;
			children = (
				185FDAEA197AC81000A47C22 /* liboro.a */,
			);
			name = Products;
			sourceTree = "<group>";
		};
		185FDAEF197AC82500A47C22 /* oro */ = {
			isa = PBXGroup;
			children = (
				185FDAF0197AC82500A47C22 /* base */,
			);
			name = oro;
			path = ../oro;
			sourceTree = "<group>";
		};
		185FDAF0197AC82500A47C22 /* base */ = {
			isa = PBXGroup;
			children = (
			);
			path = base;
			sourceTree = "<group>";
		};
/* End PBXGroup section */

/* Begin PBXHeadersBuildPhase section */
		185FDAE8197AC81000A47C22 /* Headers */ = {
			isa = PBXHeadersBuildPhase;
			buildActionMask = 2147483647;
			files = (
			);
			runOnlyForDeploymentPostprocessing = 0;
		};
/* End PBXHeadersBuildPhase section */

/* Begin PBXNativeTarget section */
		185FDAE9197AC81000A47C22 /* oro */ = {
			isa = PBXNativeTarget;
			buildConfigurationList = 185FDAEC197AC81000A47C22 /* Build configuration list for PBXNativeTarget "oro" */;
			buildPhases = (
				185FDAE6197AC81000A47C22 /* Sources */,
				185FDAE7197AC81000A47C22 /* Frameworks */,
				185FDAE8197AC81000A47C22 /* Headers */,
			);
			buildRules = (
			);
			dependencies = (
			);
			name = oro;
			productName = oro;
			productReference = 185FDAEA197AC81000A47C22 /* liboro.a */;
			productType = "com.apple.product-type.library.static";
		};
/* End PBXNativeTarget section */

/* Begin PBXProject section */
		185FDAD6197AC72500A47C22 /* Project object */ = {
			isa = PBXProject;
			attributes = {
				LastUpgradeCheck = 0510;
			};
			buildConfigurationList = 185FDAD9197AC72500A47C22 /* Build configuration list for PBXProject "oro" */;
			compatibilityVersion = "Xcode 3.2";
			developmentRegion = English;
			hasScannedForEncodings = 0;
			knownRegions = (
				en,
			);
			mainGroup = 185FDAD5197AC72500A47C22;
			productRefGroup = 185FDAEB197AC81000A47C22 /* Products */;
			projectDirPath = "";
			projectRoot = "";
			targets = (
				185FDAE9197AC81000A47C22 /* oro */,
			);
		};
/* End PBXProject section */

/* Begin PBXSourcesBuildPhase section */
		185FDAE6197AC81000A47C22 /* Sources */ = {
			isa = PBXSourcesBuildPhase;
			buildActionMask = 2147483647;
			files = (
			);
			runOnlyForDeploymentPostprocessing = 0;
		};
/* End PBXSourcesBuildPhase section */

/* Begin XCBuildConfiguration section */
		185FDADA197AC72500A47C22 /* Debug */ = {
			isa = XCBuildConfiguration;
			buildSettings = {
			};
			name = Debug;
		};
		185FDADB197AC72500A47C22 /* Release */ = {
			isa = XCBuildConfiguration;
			buildSettings = {
			};
			name = Release;
		};
		185FDAED197AC81000A47C22 /* Debug */ = {
			isa = XCBuildConfiguration;
			buildSettings = {
				ALWAYS_SEARCH_USER_PATHS = NO;
				CLANG_CXX_LANGUAGE_STANDARD = "gnu++0x";
				CLANG_CXX_LIBRARY = "libc++";
				CLANG_ENABLE_MODULES = YES;
				CLANG_ENABLE_OBJC_ARC = YES;
				CLANG_WARN_BOOL_CONVERSION = YES;
				CLANG_WARN_CONSTANT_CONVERSION = YES;
				CLANG_WARN_DIRECT_OBJC_ISA_USAGE = YES_ERROR;
				CLANG_WARN_EMPTY_BODY = YES;
				CLANG_WARN_ENUM_CONVERSION = YES;
				CLANG_WARN_INT_CONVERSION = YES;
				CLANG_WARN_OBJC_ROOT_CLASS = YES_ERROR;
				CLANG_WARN__DUPLICATE_METHOD_MATCH = YES;
				COPY_PHASE_STRIP = NO;
				EXECUTABLE_PREFIX = lib;
				GCC_C_LANGUAGE_STANDARD = gnu99;
				GCC_DYNAMIC_NO_PIC = NO;
				GCC_ENABLE_OBJC_EXCEPTIONS = YES;
				GCC_OPTIMIZATION_LEVEL = 0;
				GCC_PREPROCESSOR_DEFINITIONS = (
					"DEBUG=1",
					"$(inherited)",
				);
				GCC_SYMBOLS_PRIVATE_EXTERN = NO;
				GCC_WARN_64_TO_32_BIT_CONVERSION = YES;
				GCC_WARN_ABOUT_RETURN_TYPE = YES_ERROR;
				GCC_WARN_UNDECLARED_SELECTOR = YES;
				GCC_WARN_UNINITIALIZED_AUTOS = YES_AGGRESSIVE;
				GCC_WARN_UNUSED_FUNCTION = YES;
				GCC_WARN_UNUSED_VARIABLE = YES;
				MACOSX_DEPLOYMENT_TARGET = 10.9;
				ONLY_ACTIVE_ARCH = YES;
				PRODUCT_NAME = "$(TARGET_NAME)";
				SDKROOT = macosx;
			};
			name = Debug;
		};
		185FDAEE197AC81000A47C22 /* Release */ = {
			isa = XCBuildConfiguration;
			buildSettings = {
				ALWAYS_SEARCH_USER_PATHS = NO;
				CLANG_CXX_LANGUAGE_STANDARD = "gnu++0x";
				CLANG_CXX_LIBRARY = "libc++";
				CLANG_ENABLE_MODULES = YES;
				CLANG_ENABLE_OBJC_ARC = YES;
				CLANG_WARN_BOOL_CONVERSION = YES;
				CLANG_WARN_CONSTANT_CONVERSION = YES;
				CLANG_WARN_DIRECT_OBJC_ISA_USAGE = YES_ERROR;
				CLANG_WARN_EMPTY_BODY = YES;
				CLANG_WARN_ENUM_CONVERSION = YES;
				CLANG_WARN_INT_CONVERSION = YES;
				CLANG_WARN_OBJC_ROOT_CLASS = YES_ERROR;
				CLANG_WARN__DUPLICATE_METHOD_MATCH = YES;
				COPY_PHASE_STRIP = YES;
				DEBUG_INFORMATION_FORMAT = "dwarf-with-dsym";
				ENABLE_NS_ASSERTIONS = NO;
				EXECUTABLE_PREFIX = lib;
				GCC_C_LANGUAGE_STANDARD = gnu99;
				GCC_ENABLE_OBJC_EXCEPTIONS = YES;
				GCC_WARN_64_TO_32_BIT_CONVERSION = YES;
				GCC_WARN_ABOUT_RETURN_TYPE = YES_ERROR;
				GCC_WARN_UNDECLARED_SELECTOR = YES;
				GCC_WARN_UNINITIALIZED_AUTOS = YES_AGGRESSIVE;
				GCC_WARN_UNUSED_FUNCTION = YES;
				GCC_WARN_UNUSED_VARIABLE = YES;
				MACOSX_DEPLOYMENT_TARGET = 10.9;
				PRODUCT_NAME = "$(TARGET_NAME)";
				SDKROOT = macosx;
			};
			name = Release;
		};
/* End XCBuildConfiguration section */

/* Begin XCConfigurationList section */
		185FDAD9197AC72500A47C22 /* Build configuration list for PBXProject "oro" */ = {
			isa = XCConfigurationList;
			buildConfigurations = (
				185FDADA197AC72500A47C22 /* Debug */,
				185FDADB197AC72500A47C22 /* Release */,
			);
			defaultConfigurationIsVisible = 0;
			defaultConfigurationName = Release;
		};
		185FDAEC197AC81000A47C22 /* Build configuration list for PBXNativeTarget "oro" */ = {
			isa = XCConfigurationList;
			buildConfigurations = (
				185FDAED197AC81000A47C22 /* Debug */,
				185FDAEE197AC81000A47C22 /* Release */,
			);
			defaultConfigurationIsVisible = 0;
			defaultConfigurationName = Release;
		};
/* End XCConfigurationList section */
	};
	rootObject = 185FDAD6197AC72500A47C22 /* Project object */;
}
